// !$*UTF8*$!
{
	archiveVersion = 1;
	classes = {
	};
	objectVersion = 46;
	objects = {

/* Begin PBXBuildFile section */
		6B960D2815B712F000064CC0 /* UIKit.framework in Frameworks */ = {isa = PBXBuildFile; fileRef = 6B960D2715B712F000064CC0 /* UIKit.framework */; };
		6B960D2A15B712F000064CC0 /* Foundation.framework in Frameworks */ = {isa = PBXBuildFile; fileRef = 6B960D2915B712F000064CC0 /* Foundation.framework */; };
		6B960D2C15B712F000064CC0 /* CoreGraphics.framework in Frameworks */ = {isa = PBXBuildFile; fileRef = 6B960D2B15B712F000064CC0 /* CoreGraphics.framework */; };
		6B960D3215B712F000064CC0 /* InfoPlist.strings in Resources */ = {isa = PBXBuildFile; fileRef = 6B960D3015B712F000064CC0 /* InfoPlist.strings */; };
		6B960D3415B712F000064CC0 /* main.m in Sources */ = {isa = PBXBuildFile; fileRef = 6B960D3315B712F000064CC0 /* main.m */; };
		6B960D3815B712F000064CC0 /* EWHAppDelegate.m in Sources */ = {isa = PBXBuildFile; fileRef = 6B960D3715B712F000064CC0 /* EWHAppDelegate.m */; };
		6B960D3B15B712F000064CC0 /* MainStoryboard.storyboard in Resources */ = {isa = PBXBuildFile; fileRef = 6B960D3915B712F000064CC0 /* MainStoryboard.storyboard */; };
		6B960D3E15B712F000064CC0 /* EWHViewController.m in Sources */ = {isa = PBXBuildFile; fileRef = 6B960D3D15B712F000064CC0 /* EWHViewController.m */; };
/* End PBXBuildFile section */

/* Begin PBXFileReference section */
		6B960D2315B712F000064CC0 /* eWarehouse.app */ = {isa = PBXFileReference; explicitFileType = wrapper.application; includeInIndex = 0; path = eWarehouse.app; sourceTree = BUILT_PRODUCTS_DIR; };
		6B960D2715B712F000064CC0 /* UIKit.framework */ = {isa = PBXFileReference; lastKnownFileType = wrapper.framework; name = UIKit.framework; path = System/Library/Frameworks/UIKit.framework; sourceTree = SDKROOT; };
		6B960D2915B712F000064CC0 /* Foundation.framework */ = {isa = PBXFileReference; lastKnownFileType = wrapper.framework; name = Foundation.framework; path = System/Library/Frameworks/Foundation.framework; sourceTree = SDKROOT; };
		6B960D2B15B712F000064CC0 /* CoreGraphics.framework */ = {isa = PBXFileReference; lastKnownFileType = wrapper.framework; name = CoreGraphics.framework; path = System/Library/Frameworks/CoreGraphics.framework; sourceTree = SDKROOT; };
		6B960D2F15B712F000064CC0 /* eWarehouse-Info.plist */ = {isa = PBXFileReference; path = "eWarehouse-Info.plist"; sourceTree = "<group>"; };
		6B960D3115B712F000064CC0 /* en */ = {isa = PBXFileReference; lastKnownFileType = text.plist.strings; name = en; path = en.lproj/InfoPlist.strings; sourceTree = "<group>"; };
		6B960D3315B712F000064CC0 /* main.m */ = {isa = PBXFileReference; lastKnownFileType = sourcecode.c.objc; path = main.m; sourceTree = "<group>"; };
		6B960D3515B712F000064CC0 /* eWarehouse-Prefix.pch */ = {isa = PBXFileReference; path = "eWarehouse-Prefix.pch"; sourceTree = "<group>"; };
		6B960D3615B712F000064CC0 /* EWHAppDelegate.h */ = {isa = PBXFileReference; path = EWHAppDelegate.h; sourceTree = "<group>"; };
		6B960D3715B712F000064CC0 /* EWHAppDelegate.m */ = {isa = PBXFileReference; lastKnownFileType = sourcecode.c.objc; path = EWHAppDelegate.m; sourceTree = "<group>"; };
		6B960D3A15B712F000064CC0 /* en */ = {isa = PBXFileReference; lastKnownFileType = file.storyboard; name = en; path = en.lproj/MainStoryboard.storyboard; sourceTree = "<group>"; };
		6B960D3C15B712F000064CC0 /* EWHViewController.h */ = {isa = PBXFileReference; path = EWHViewController.h; sourceTree = "<group>"; };
		6B960D3D15B712F000064CC0 /* EWHViewController.m */ = {isa = PBXFileReference; lastKnownFileType = sourcecode.c.objc; path = EWHViewController.m; sourceTree = "<group>"; };
/* End PBXFileReference section */

/* Begin PBXFrameworksBuildPhase section */
		6B960D2015B712F000064CC0 /* Frameworks */ = {
			isa = PBXFrameworksBuildPhase;
			buildActionMask = 2147483647;
			files = (
				6B960D2815B712F000064CC0 /* UIKit.framework in Frameworks */,
				6B960D2A15B712F000064CC0 /* Foundation.framework in Frameworks */,
				6B960D2C15B712F000064CC0 /* CoreGraphics.framework in Frameworks */,
			);
			runOnlyForDeploymentPostprocessing = 0;
		};
/* End PBXFrameworksBuildPhase section */

/* Begin PBXGroup section */
		6B960D1815B712F000064CC0 = {
			isa = PBXGroup;
			children = (
				6B960D2D15B712F000064CC0 /* eWarehouse */,
				6B960D2615B712F000064CC0 /* Frameworks */,
				6B960D2415B712F000064CC0 /* Products */,
			);
			sourceTree = "<group>";
		};
		6B960D2415B712F000064CC0 /* Products */ = {
			isa = PBXGroup;
			children = (
				6B960D2315B712F000064CC0 /* eWarehouse.app */,
			);
			name = Products;
			sourceTree = "<group>";
		};
		6B960D2615B712F000064CC0 /* Frameworks */ = {
			isa = PBXGroup;
			children = (
				6B960D2715B712F000064CC0 /* UIKit.framework */,
				6B960D2915B712F000064CC0 /* Foundation.framework */,
				6B960D2B15B712F000064CC0 /* CoreGraphics.framework */,
			);
			name = Frameworks;
			sourceTree = "<group>";
		};
		6B960D2D15B712F000064CC0 /* eWarehouse */ = {
			isa = PBXGroup;
			children = (
				6B960D3615B712F000064CC0 /* EWHAppDelegate.h */,
				6B960D3715B712F000064CC0 /* EWHAppDelegate.m */,
				6B960D3915B712F000064CC0 /* MainStoryboard.storyboard */,
				6B960D3C15B712F000064CC0 /* EWHViewController.h */,
				6B960D3D15B712F000064CC0 /* EWHViewController.m */,
				6B960D2E15B712F000064CC0 /* Supporting Files */,
			);
			path = eWarehouse;
			sourceTree = "<group>";
		};
		6B960D2E15B712F000064CC0 /* Supporting Files */ = {
			isa = PBXGroup;
			children = (
				6B960D2F15B712F000064CC0 /* eWarehouse-Info.plist */,
				6B960D3015B712F000064CC0 /* InfoPlist.strings */,
				6B960D3315B712F000064CC0 /* main.m */,
				6B960D3515B712F000064CC0 /* eWarehouse-Prefix.pch */,
			);
			name = "Supporting Files";
			sourceTree = "<group>";
		};
/* End PBXGroup section */

/* Begin PBXNativeTarget section */
		6B960D2215B712F000064CC0 /* eWarehouse */ = {
			isa = PBXNativeTarget;
			buildConfigurationList = 6B960D4115B712F000064CC0 /* Build configuration list for PBXNativeTarget "eWarehouse" */;
			buildPhases = (
				6B960D1F15B712F000064CC0 /* Sources */,
				6B960D2015B712F000064CC0 /* Frameworks */,
				6B960D2115B712F000064CC0 /* Resources */,
			);
			buildRules = (
			);
			dependencies = (
			);
			name = eWarehouse;
			productName = eWarehouse;
			productReference = 6B960D2315B712F000064CC0 /* eWarehouse.app */;
			productType = "com.apple.product-type.application";
		};
/* End PBXNativeTarget section */

/* Begin PBXProject section */
		6B960D1A15B712F000064CC0 /* Project object */ = {
			isa = PBXProject;
			attributes = {
				CLASSPREFIX = EWH;
				LastUpgradeCheck = 0430;
			};
			buildConfigurationList = 6B960D1D15B712F000064CC0 /* Build configuration list for PBXProject "eWarehouse" */;
			compatibilityVersion = "Xcode 3.2";
			developmentRegion = English;
			hasScannedForEncodings = 0;
			knownRegions = (
				en,
			);
			mainGroup = 6B960D1815B712F000064CC0;
			productRefGroup = 6B960D2415B712F000064CC0 /* Products */;
			projectDirPath = "";
			projectRoot = "";
			targets = (
				6B960D2215B712F000064CC0 /* eWarehouse */,
			);
		};
/* End PBXProject section */

/* Begin PBXResourcesBuildPhase section */
		6B960D2115B712F000064CC0 /* Resources */ = {
			isa = PBXResourcesBuildPhase;
			buildActionMask = 2147483647;
			files = (
				6B960D3215B712F000064CC0 /* InfoPlist.strings in Resources */,
				6B960D3B15B712F000064CC0 /* MainStoryboard.storyboard in Resources */,
			);
			runOnlyForDeploymentPostprocessing = 0;
		};
/* End PBXResourcesBuildPhase section */

/* Begin PBXSourcesBuildPhase section */
		6B960D1F15B712F000064CC0 /* Sources */ = {
			isa = PBXSourcesBuildPhase;
			buildActionMask = 2147483647;
			files = (
				6B960D3415B712F000064CC0 /* main.m in Sources */,
				6B960D3815B712F000064CC0 /* EWHAppDelegate.m in Sources */,
				6B960D3E15B712F000064CC0 /* EWHViewController.m in Sources */,
			);
			runOnlyForDeploymentPostprocessing = 0;
		};
/* End PBXSourcesBuildPhase section */

/* Begin PBXVariantGroup section */
		6B960D3015B712F000064CC0 /* InfoPlist.strings */ = {
			isa = PBXVariantGroup;
			children = (
				6B960D3115B712F000064CC0 /* en */,
			);
			name = InfoPlist.strings;
			sourceTree = "<group>";
		};
		6B960D3915B712F000064CC0 /* MainStoryboard.storyboard */ = {
			isa = PBXVariantGroup;
			children = (
				6B960D3A15B712F000064CC0 /* en */,
			);
			name = MainStoryboard.storyboard;
			sourceTree = "<group>";
		};
/* End PBXVariantGroup section */

/* Begin XCBuildConfiguration section */
		6B960D3F15B712F000064CC0 /* Debug */ = {
			isa = XCBuildConfiguration;
			buildSettings = {
				ALWAYS_SEARCH_USER_PATHS = NO;
				ARCHS = "$(ARCHS_STANDARD_32_BIT)";
				CLANG_ENABLE_OBJC_ARC = YES;
				"CODE_SIGN_IDENTITY[sdk=iphoneos*]" = "iPhone Developer";
				COPY_PHASE_STRIP = NO;
				GCC_C_LANGUAGE_STANDARD = gnu99;
				GCC_DYNAMIC_NO_PIC = NO;
				GCC_OPTIMIZATION_LEVEL = 0;
				GCC_PREPROCESSOR_DEFINITIONS = (
					"DEBUG=1",
					"$(inherited)",
				);
				GCC_SYMBOLS_PRIVATE_EXTERN = NO;
				GCC_VERSION = com.apple.compilers.llvm.clang.1_0;
				GCC_WARN_ABOUT_RETURN_TYPE = YES;
				GCC_WARN_UNINITIALIZED_AUTOS = YES;
				GCC_WARN_UNUSED_VARIABLE = YES;
				IPHONEOS_DEPLOYMENT_TARGET = 5.1;
				SDKROOT = iphoneos;
			};
			name = Debug;
		};
		6B960D4015B712F000064CC0 /* Release */ = {
			isa = XCBuildConfiguration;
			buildSettings = {
				ALWAYS_SEARCH_USER_PATHS = NO;
				ARCHS = "$(ARCHS_STANDARD_32_BIT)";
				CLANG_ENABLE_OBJC_ARC = YES;
				"CODE_SIGN_IDENTITY[sdk=iphoneos*]" = "iPhone Developer";
				COPY_PHASE_STRIP = YES;
				GCC_C_LANGUAGE_STANDARD = gnu99;
				GCC_VERSION = com.apple.compilers.llvm.clang.1_0;
				GCC_WARN_ABOUT_RETURN_TYPE = YES;
				GCC_WARN_UNINITIALIZED_AUTOS = YES;
				GCC_WARN_UNUSED_VARIABLE = YES;
				IPHONEOS_DEPLOYMENT_TARGET = 5.1;
				OTHER_CFLAGS = "-DNS_BLOCK_ASSERTIONS=1";
				SDKROOT = iphoneos;
				VALIDATE_PRODUCT = YES;
			};
			name = Release;
		};
		6B960D4215B712F000064CC0 /* Debug */ = {
			isa = XCBuildConfiguration;
			buildSettings = {
				GCC_PRECOMPILE_PREFIX_HEADER = YES;
				GCC_PREFIX_HEADER = "eWarehouse/eWarehouse-Prefix.pch";
				INFOPLIST_FILE = "eWarehouse/eWarehouse-Info.plist";
				PRODUCT_NAME = "$(TARGET_NAME)";
				WRAPPER_EXTENSION = app;
			};
			name = Debug;
		};
		6B960D4315B712F000064CC0 /* Release */ = {
			isa = XCBuildConfiguration;
			buildSettings = {
				GCC_PRECOMPILE_PREFIX_HEADER = YES;
				GCC_PREFIX_HEADER = "eWarehouse/eWarehouse-Prefix.pch";
				INFOPLIST_FILE = "eWarehouse/eWarehouse-Info.plist";
				PRODUCT_NAME = "$(TARGET_NAME)";
				WRAPPER_EXTENSION = app;
			};
			name = Release;
		};
/* End XCBuildConfiguration section */

/* Begin XCConfigurationList section */
		6B960D1D15B712F000064CC0 /* Build configuration list for PBXProject "eWarehouse" */ = {
			isa = XCConfigurationList;
			buildConfigurations = (
				6B960D3F15B712F000064CC0 /* Debug */,
				6B960D4015B712F000064CC0 /* Release */,
			);
			defaultConfigurationIsVisible = 0;
			defaultConfigurationName = Release;
		};
		6B960D4115B712F000064CC0 /* Build configuration list for PBXNativeTarget "eWarehouse" */ = {
			isa = XCConfigurationList;
			buildConfigurations = (
				6B960D4215B712F000064CC0 /* Debug */,
				6B960D4315B712F000064CC0 /* Release */,
			);
			defaultConfigurationIsVisible = 0;
		};
/* End XCConfigurationList section */
	};
	rootObject = 6B960D1A15B712F000064CC0 /* Project object */;
}
